// !$*UTF8*$!
{
	archiveVersion = 1;
	classes = {
	};
	objectVersion = 50;
	objects = {

/* Begin PBXBuildFile section */
		6B8703EF2164995C00EC644F /* AppDelegate.swift in Sources */ = {isa = PBXBuildFile; fileRef = 6B8703EE2164995C00EC644F /* AppDelegate.swift */; };
		6B8703F12164995C00EC644F /* TamyListViewController.swift in Sources */ = {isa = PBXBuildFile; fileRef = 6B8703F02164995C00EC644F /* TamyListViewController.swift */; };
		6B8703F42164995C00EC644F /* Main.storyboard in Resources */ = {isa = PBXBuildFile; fileRef = 6B8703F22164995C00EC644F /* Main.storyboard */; };
		6B8703F62164995E00EC644F /* Assets.xcassets in Resources */ = {isa = PBXBuildFile; fileRef = 6B8703F52164995E00EC644F /* Assets.xcassets */; };
		6B8703F92164995E00EC644F /* LaunchScreen.storyboard in Resources */ = {isa = PBXBuildFile; fileRef = 6B8703F72164995E00EC644F /* LaunchScreen.storyboard */; };
		6B8704022164A4FA00EC644F /* customTableViewCell.swift in Sources */ = {isa = PBXBuildFile; fileRef = 6B8704002164A4FA00EC644F /* customTableViewCell.swift */; };
		6B8704032164A4FA00EC644F /* customTableViewCell.xib in Resources */ = {isa = PBXBuildFile; fileRef = 6B8704012164A4FA00EC644F /* customTableViewCell.xib */; };
		6B8704062164E96800EC644F /* Item.swift in Sources */ = {isa = PBXBuildFile; fileRef = 6B8704052164E96800EC644F /* Item.swift */; };
/* End PBXBuildFile section */

/* Begin PBXFileReference section */
		6B8703EB2164995C00EC644F /* tamyeose.app */ = {isa = PBXFileReference; explicitFileType = wrapper.application; includeInIndex = 0; path = tamyeose.app; sourceTree = BUILT_PRODUCTS_DIR; };
		6B8703EE2164995C00EC644F /* AppDelegate.swift */ = {isa = PBXFileReference; lastKnownFileType = sourcecode.swift; path = AppDelegate.swift; sourceTree = "<group>"; };
		6B8703F02164995C00EC644F /* TamyListViewController.swift */ = {isa = PBXFileReference; lastKnownFileType = sourcecode.swift; path = TamyListViewController.swift; sourceTree = "<group>"; };
		6B8703F32164995C00EC644F /* Base */ = {isa = PBXFileReference; lastKnownFileType = file.storyboard; name = Base; path = Base.lproj/Main.storyboard; sourceTree = "<group>"; };
		6B8703F52164995E00EC644F /* Assets.xcassets */ = {isa = PBXFileReference; lastKnownFileType = folder.assetcatalog; path = Assets.xcassets; sourceTree = "<group>"; };
		6B8703F82164995E00EC644F /* Base */ = {isa = PBXFileReference; lastKnownFileType = file.storyboard; name = Base; path = Base.lproj/LaunchScreen.storyboard; sourceTree = "<group>"; };
		6B8703FA2164995E00EC644F /* Info.plist */ = {isa = PBXFileReference; lastKnownFileType = text.plist.xml; path = Info.plist; sourceTree = "<group>"; };
		6B8704002164A4FA00EC644F /* customTableViewCell.swift */ = {isa = PBXFileReference; lastKnownFileType = sourcecode.swift; path = customTableViewCell.swift; sourceTree = "<group>"; };
		6B8704012164A4FA00EC644F /* customTableViewCell.xib */ = {isa = PBXFileReference; lastKnownFileType = file.xib; path = customTableViewCell.xib; sourceTree = "<group>"; };
		6B8704052164E96800EC644F /* Item.swift */ = {isa = PBXFileReference; lastKnownFileType = sourcecode.swift; path = Item.swift; sourceTree = "<group>"; };
/* End PBXFileReference section */

/* Begin PBXFrameworksBuildPhase section */
		6B8703E82164995C00EC644F /* Frameworks */ = {
			isa = PBXFrameworksBuildPhase;
			buildActionMask = 2147483647;
			files = (
			);
			runOnlyForDeploymentPostprocessing = 0;
		};
/* End PBXFrameworksBuildPhase section */

/* Begin PBXGroup section */
		6B8703E22164995C00EC644F = {
			isa = PBXGroup;
			children = (
				6B8704002164A4FA00EC644F /* customTableViewCell.swift */,
				6B8704012164A4FA00EC644F /* customTableViewCell.xib */,
				6B8703ED2164995C00EC644F /* tamyeose */,
				6B8703EC2164995C00EC644F /* Products */,
			);
			sourceTree = "<group>";
		};
		6B8703EC2164995C00EC644F /* Products */ = {
			isa = PBXGroup;
			children = (
				6B8703EB2164995C00EC644F /* tamyeose.app */,
			);
			name = Products;
			sourceTree = "<group>";
		};
		6B8703ED2164995C00EC644F /* tamyeose */ = {
			isa = PBXGroup;
			children = (
				6B8704042164E95000EC644F /* messages */,
				6B8703EE2164995C00EC644F /* AppDelegate.swift */,
				6B8704072164E9F300EC644F /* controllers */,
				6B8704082164E9FF00EC644F /* views */,
				6B8703F52164995E00EC644F /* Assets.xcassets */,
				6B8703F72164995E00EC644F /* LaunchScreen.storyboard */,
				6B8703FA2164995E00EC644F /* Info.plist */,
			);
			path = tamyeose;
			sourceTree = "<group>";
		};
		6B8704042164E95000EC644F /* messages */ = {
			isa = PBXGroup;
			children = (
				6B8704052164E96800EC644F /* Item.swift */,
			);
			path = messages;
			sourceTree = "<group>";
		};
		6B8704072164E9F300EC644F /* controllers */ = {
			isa = PBXGroup;
			children = (
				6B8703F02164995C00EC644F /* TamyListViewController.swift */,
			);
			path = controllers;
			sourceTree = "<group>";
		};
		6B8704082164E9FF00EC644F /* views */ = {
			isa = PBXGroup;
			children = (
				6B8703F22164995C00EC644F /* Main.storyboard */,
			);
			path = views;
			sourceTree = "<group>";
		};
/* End PBXGroup section */

/* Begin PBXNativeTarget section */
		6B8703EA2164995C00EC644F /* tamyeose */ = {
			isa = PBXNativeTarget;
			buildConfigurationList = 6B8703FD2164995E00EC644F /* Build configuration list for PBXNativeTarget "tamyeose" */;
			buildPhases = (
				6B8703E72164995C00EC644F /* Sources */,
				6B8703E82164995C00EC644F /* Frameworks */,
				6B8703E92164995C00EC644F /* Resources */,
			);
			buildRules = (
			);
			dependencies = (
			);
			name = tamyeose;
			productName = tamyeose;
			productReference = 6B8703EB2164995C00EC644F /* tamyeose.app */;
			productType = "com.apple.product-type.application";
		};
/* End PBXNativeTarget section */

/* Begin PBXProject section */
		6B8703E32164995C00EC644F /* Project object */ = {
			isa = PBXProject;
			attributes = {
				LastSwiftUpdateCheck = 0940;
				LastUpgradeCheck = 0940;
				ORGANIZATIONNAME = "nitish nayak n";
				TargetAttributes = {
					6B8703EA2164995C00EC644F = {
						CreatedOnToolsVersion = 9.4.1;
					};
				};
			};
			buildConfigurationList = 6B8703E62164995C00EC644F /* Build configuration list for PBXProject "tamyeose" */;
			compatibilityVersion = "Xcode 9.3";
			developmentRegion = en;
			hasScannedForEncodings = 0;
			knownRegions = (
				en,
				Base,
			);
			mainGroup = 6B8703E22164995C00EC644F;
			productRefGroup = 6B8703EC2164995C00EC644F /* Products */;
			projectDirPath = "";
			projectRoot = "";
			targets = (
				6B8703EA2164995C00EC644F /* tamyeose */,
			);
		};
/* End PBXProject section */

/* Begin PBXResourcesBuildPhase section */
		6B8703E92164995C00EC644F /* Resources */ = {
			isa = PBXResourcesBuildPhase;
			buildActionMask = 2147483647;
			files = (
				6B8703F92164995E00EC644F /* LaunchScreen.storyboard in Resources */,
				6B8703F62164995E00EC644F /* Assets.xcassets in Resources */,
				6B8704032164A4FA00EC644F /* customTableViewCell.xib in Resources */,
				6B8703F42164995C00EC644F /* Main.storyboard in Resources */,
			);
			runOnlyForDeploymentPostprocessing = 0;
		};
/* End PBXResourcesBuildPhase section */

/* Begin PBXSourcesBuildPhase section */
		6B8703E72164995C00EC644F /* Sources */ = {
			isa = PBXSourcesBuildPhase;
			buildActionMask = 2147483647;
			files = (
				6B8704062164E96800EC644F /* Item.swift in Sources */,
				6B8703F12164995C00EC644F /* TamyListViewController.swift in Sources */,
				6B8703EF2164995C00EC644F /* AppDelegate.swift in Sources */,
				6B8704022164A4FA00EC644F /* customTableViewCell.swift in Sources */,
			);
			runOnlyForDeploymentPostprocessing = 0;
		};
/* End PBXSourcesBuildPhase section */

/* Begin PBXVariantGroup section */
		6B8703F22164995C00EC644F /* Main.storyboard */ = {
			isa = PBXVariantGroup;
			children = (
				6B8703F32164995C00EC644F /* Base */,
			);
			name = Main.storyboard;
			sourceTree = "<group>";
		};
		6B8703F72164995E00EC644F /* LaunchScreen.storyboard */ = {
			isa = PBXVariantGroup;
			children = (
				6B8703F82164995E00EC644F /* Base */,
			);
			name = LaunchScreen.storyboard;
			sourceTree = "<group>";
		};
/* End PBXVariantGroup section */

/* Begin XCBuildConfiguration section */
		6B8703FB2164995E00EC644F /* Debug */ = {
			isa = XCBuildConfiguration;
			buildSettings = {
				ALWAYS_SEARCH_USER_PATHS = NO;
				CLANG_ANALYZER_NONNULL = YES;
				CLANG_ANALYZER_NUMBER_OBJECT_CONVERSION = YES_AGGRESSIVE;
				CLANG_CXX_LANGUAGE_STANDARD = "gnu++14";
				CLANG_CXX_LIBRARY = "libc++";
				CLANG_ENABLE_MODULES = YES;
				CLANG_ENABLE_OBJC_ARC = YES;
				CLANG_ENABLE_OBJC_WEAK = YES;
				CLANG_WARN_BLOCK_CAPTURE_AUTORELEASING = YES;
				CLANG_WARN_BOOL_CONVERSION = YES;
				CLANG_WARN_COMMA = YES;
				CLANG_WARN_CONSTANT_CONVERSION = YES;
				CLANG_WARN_DEPRECATED_OBJC_IMPLEMENTATIONS = YES;
				CLANG_WARN_DIRECT_OBJC_ISA_USAGE = YES_ERROR;
				CLANG_WARN_DOCUMENTATION_COMMENTS = YES;
				CLANG_WARN_EMPTY_BODY = YES;
				CLANG_WARN_ENUM_CONVERSION = YES;
				CLANG_WARN_INFINITE_RECURSION = YES;
				CLANG_WARN_INT_CONVERSION = YES;
				CLANG_WARN_NON_LITERAL_NULL_CONVERSION = YES;
				CLANG_WARN_OBJC_IMPLICIT_RETAIN_SELF = YES;
				CLANG_WARN_OBJC_LITERAL_CONVERSION = YES;
				CLANG_WARN_OBJC_ROOT_CLASS = YES_ERROR;
				CLANG_WARN_RANGE_LOOP_ANALYSIS = YES;
				CLANG_WARN_STRICT_PROTOTYPES = YES;
				CLANG_WARN_SUSPICIOUS_MOVE = YES;
				CLANG_WARN_UNGUARDED_AVAILABILITY = YES_AGGRESSIVE;
				CLANG_WARN_UNREACHABLE_CODE = YES;
				CLANG_WARN__DUPLICATE_METHOD_MATCH = YES;
				CODE_SIGN_IDENTITY = "iPhone Developer";
				COPY_PHASE_STRIP = NO;
				DEBUG_INFORMATION_FORMAT = dwarf;
				ENABLE_STRICT_OBJC_MSGSEND = YES;
				ENABLE_TESTABILITY = YES;
				GCC_C_LANGUAGE_STANDARD = gnu11;
				GCC_DYNAMIC_NO_PIC = NO;
				GCC_NO_COMMON_BLOCKS = YES;
				GCC_OPTIMIZATION_LEVEL = 0;
				GCC_PREPROCESSOR_DEFINITIONS = (
					"DEBUG=1",
					"$(inherited)",
				);
				GCC_WARN_64_TO_32_BIT_CONVERSION = YES;
				GCC_WARN_ABOUT_RETURN_TYPE = YES_ERROR;
				GCC_WARN_UNDECLARED_SELECTOR = YES;
				GCC_WARN_UNINITIALIZED_AUTOS = YES_AGGRESSIVE;
				GCC_WARN_UNUSED_FUNCTION = YES;
				GCC_WARN_UNUSED_VARIABLE = YES;
				IPHONEOS_DEPLOYMENT_TARGET = 11.4;
				MTL_ENABLE_DEBUG_INFO = YES;
				ONLY_ACTIVE_ARCH = YES;
				SDKROOT = iphoneos;
				SWIFT_ACTIVE_COMPILATION_CONDITIONS = DEBUG;
				SWIFT_OPTIMIZATION_LEVEL = "-Onone";
			};
			name = Debug;
		};
		6B8703FC2164995E00EC644F /* Release */ = {
			isa = XCBuildConfiguration;
			buildSettings = {
				ALWAYS_SEARCH_USER_PATHS = NO;
				CLANG_ANALYZER_NONNULL = YES;
				CLANG_ANALYZER_NUMBER_OBJECT_CONVERSION = YES_AGGRESSIVE;
				CLANG_CXX_LANGUAGE_STANDARD = "gnu++14";
				CLANG_CXX_LIBRARY = "libc++";
				CLANG_ENABLE_MODULES = YES;
				CLANG_ENABLE_OBJC_ARC = YES;
				CLANG_ENABLE_OBJC_WEAK = YES;
				CLANG_WARN_BLOCK_CAPTURE_AUTORELEASING = YES;
				CLANG_WARN_BOOL_CONVERSION = YES;
				CLANG_WARN_COMMA = YES;
				CLANG_WARN_CONSTANT_CONVERSION = YES;
				CLANG_WARN_DEPRECATED_OBJC_IMPLEMENTATIONS = YES;
				CLANG_WARN_DIRECT_OBJC_ISA_USAGE = YES_ERROR;
				CLANG_WARN_DOCUMENTATION_COMMENTS = YES;
				CLANG_WARN_EMPTY_BODY = YES;
				CLANG_WARN_ENUM_CONVERSION = YES;
				CLANG_WARN_INFINITE_RECURSION = YES;
				CLANG_WARN_INT_CONVERSION = YES;
				CLANG_WARN_NON_LITERAL_NULL_CONVERSION = YES;
				CLANG_WARN_OBJC_IMPLICIT_RETAIN_SELF = YES;
				CLANG_WARN_OBJC_LITERAL_CONVERSION = YES;
				CLANG_WARN_OBJC_ROOT_CLASS = YES_ERROR;
				CLANG_WARN_RANGE_LOOP_ANALYSIS = YES;
				CLANG_WARN_STRICT_PROTOTYPES = YES;
				CLANG_WARN_SUSPICIOUS_MOVE = YES;
				CLANG_WARN_UNGUARDED_AVAILABILITY = YES_AGGRESSIVE;
				CLANG_WARN_UNREACHABLE_CODE = YES;
				CLANG_WARN__DUPLICATE_METHOD_MATCH = YES;
				CODE_SIGN_IDENTITY = "iPhone Developer";
				COPY_PHASE_STRIP = NO;
				DEBUG_INFORMATION_FORMAT = "dwarf-with-dsym";
				ENABLE_NS_ASSERTIONS = NO;
				ENABLE_STRICT_OBJC_MSGSEND = YES;
				GCC_C_LANGUAGE_STANDARD = gnu11;
				GCC_NO_COMMON_BLOCKS = YES;
				GCC_WARN_64_TO_32_BIT_CONVERSION = YES;
				GCC_WARN_ABOUT_RETURN_TYPE = YES_ERROR;
				GCC_WARN_UNDECLARED_SELECTOR = YES;
				GCC_WARN_UNINITIALIZED_AUTOS = YES_AGGRESSIVE;
				GCC_WARN_UNUSED_FUNCTION = YES;
				GCC_WARN_UNUSED_VARIABLE = YES;
				IPHONEOS_DEPLOYMENT_TARGET = 11.4;
				MTL_ENABLE_DEBUG_INFO = NO;
				SDKROOT = iphoneos;
				SWIFT_COMPILATION_MODE = wholemodule;
				SWIFT_OPTIMIZATION_LEVEL = "-O";
				VALIDATE_PRODUCT = YES;
			};
			name = Release;
		};
		6B8703FE2164995E00EC644F /* Debug */ = {
			isa = XCBuildConfiguration;
			buildSettings = {
				ASSETCATALOG_COMPILER_APPICON_NAME = AppIcon;
				CODE_SIGN_STYLE = Automatic;
				DEVELOPMENT_TEAM = 2938BPR52K;
				INFOPLIST_FILE = tamyeose/Info.plist;
				LD_RUNPATH_SEARCH_PATHS = (
					"$(inherited)",
					"@executable_path/Frameworks",
				);
				PRODUCT_BUNDLE_IDENTIFIER = FANTU.tamyeose;
				PRODUCT_NAME = "$(TARGET_NAME)";
				SWIFT_VERSION = 4.0;
				TARGETED_DEVICE_FAMILY = "1,2";
			};
			name = Debug;
		};
		6B8703FF2164995E00EC644F /* Release */ = {
			isa = XCBuildConfiguration;
			buildSettings = {
				ASSETCATALOG_COMPILER_APPICON_NAME = AppIcon;
				CODE_SIGN_STYLE = Automatic;
				DEVELOPMENT_TEAM = 2938BPR52K;
				INFOPLIST_FILE = tamyeose/Info.plist;
				LD_RUNPATH_SEARCH_PATHS = (
					"$(inherited)",
					"@executable_path/Frameworks",
				);
				PRODUCT_BUNDLE_IDENTIFIER = FANTU.tamyeose;
				PRODUCT_NAME = "$(TARGET_NAME)";
				SWIFT_VERSION = 4.0;
				TARGETED_DEVICE_FAMILY = "1,2";
			};
			name = Release;
		};
/* End XCBuildConfiguration section */

/* Begin XCConfigurationList section */
		6B8703E62164995C00EC644F /* Build configuration list for PBXProject "tamyeose" */ = {
			isa = XCConfigurationList;
			buildConfigurations = (
				6B8703FB2164995E00EC644F /* Debug */,
				6B8703FC2164995E00EC644F /* Release */,
			);
			defaultConfigurationIsVisible = 0;
			defaultConfigurationName = Release;
		};
		6B8703FD2164995E00EC644F /* Build configuration list for PBXNativeTarget "tamyeose" */ = {
			isa = XCConfigurationList;
			buildConfigurations = (
				6B8703FE2164995E00EC644F /* Debug */,
				6B8703FF2164995E00EC644F /* Release */,
			);
			defaultConfigurationIsVisible = 0;
			defaultConfigurationName = Release;
		};
/* End XCConfigurationList section */
	};
	rootObject = 6B8703E32164995C00EC644F /* Project object */;
}
